{
  "name": "recaptime-tgbot",
  "version": "0.5.0-canary",
  "lockfileVersion": 1,
  "requires": true,
  "dependencies": {
    "body-parser": {
      "version": "1.19.0",
      "requires": {
        "bytes": "3.1.0",
        "content-type": "~1.0.4",
        "debug": "2.6.9",
        "depd": "~1.1.2",
        "http-errors": "1.7.2",
        "iconv-lite": "0.4.24",
        "on-finished": "~2.3.0",
        "qs": "6.7.0",
        "raw-body": "2.4.0",
        "type-is": "~1.6.17"
      }
    },
    "deprecate": {
      "version": "1.1.1",
      "resolved": "https://registry.npmjs.org/deprecate/-/deprecate-1.1.1.tgz",
      "integrity": "sha512-ZGDXefq1xknT292LnorMY5s8UVU08/WKdzDZCUT6t9JzsiMSP4uzUhgpqugffNVcT5WC6wMBiSQ+LFjlv3v7iQ=="
    },
    "express": {
      "version": "4.17.1",
      "requires": {
        "accepts": "~1.3.7",
        "array-flatten": "1.1.1",
        "body-parser": "1.19.0",
        "content-disposition": "0.5.3",
        "content-type": "~1.0.4",
        "cookie": "0.4.0",
        "cookie-signature": "1.0.6",
        "debug": "2.6.9",
        "depd": "~1.1.2",
        "encodeurl": "~1.0.2",
        "escape-html": "~1.0.3",
        "etag": "~1.8.1",
        "finalhandler": "~1.1.2",
        "fresh": "0.5.2",
        "merge-descriptors": "1.0.1",
        "methods": "~1.1.2",
        "on-finished": "~2.3.0",
        "parseurl": "~1.3.3",
        "path-to-regexp": "0.1.7",
        "proxy-addr": "~2.0.5",
        "qs": "6.7.0",
        "range-parser": "~1.2.1",
        "safe-buffer": "5.1.2",
        "send": "0.17.1",
        "serve-static": "1.14.1",
        "setprototypeof": "1.1.1",
        "statuses": "~1.5.0",
        "type-is": "~1.6.18",
        "utils-merge": "1.0.1",
        "vary": "~1.1.2"
      }
    },
    "node-telegram-bot-api": {
      "version": "0.30.0",
      "requires": {
        "array.prototype.findindex": "^2.0.2",
        "bl": "^1.2.1",
        "bluebird": "^3.5.1",
        "debug": "^3.1.0",
        "depd": "^1.1.1",
        "eventemitter3": "^3.0.0",
        "file-type": "^3.9.0",
        "mime": "^1.6.0",
        "pump": "^2.0.0",
        "request": "^2.83.0",
        "request-promise": "^4.2.2"
      }
    },
    "node-telegram-keyboard-wrapper": {
      "version": "2.0.1",
      "resolved": "https://registry.npmjs.org/node-telegram-keyboard-wrapper/-/node-telegram-keyboard-wrapper-2.0.1.tgz",
      "integrity": "sha512-sRuYzgpE8K2ipmfxgzzibggpPs4zZIO4JCfiYh6UAt9YTjev3FDmaMBc04tnANK5qN34Y6SO+imRiYQGJhngLg==",
      "requires": {
        "deprecate": "^1.1.0"
      }
    },
    "node-telegram-operation-manager": {
      "version": "1.2.0",
      "resolved": "https://registry.npmjs.org/node-telegram-operation-manager/-/node-telegram-operation-manager-1.2.0.tgz",
      "integrity": "sha512-7tNmKLwpToiNRZ9+rO3qvIu/qJmrfYphAK8EG0tNQodfEtdrePALkPfWYezMOFzyA6eLcJ4eTOlszcwhkpHI4w=="
    }
  }
}
